{
  "name": "slidev-theme-hep",
  "version": "0.0.0",
  "lockfileVersion": 3,
  "requires": true,
  "packages": {
    "": {
      "name": "slidev-theme-hep",
      "version": "0.0.0",
      "dependencies": {
        "@slidev/types": "^v0.47.5",
        "codemirror-theme-vars": "^0.1.2",
        "plotly.js-dist": "^2.29.1",
        "prism-theme-vars": "^0.2.4"
      },
      "engines": {
        "node": ">=18.0.0",
        "slidev": ">=0.47.0"
      }
    },
    "node_modules/@slidev/types": {
      "version": "0.47.5",
      "resolved": "https://mirrors.cloud.tencent.com/npm/@slidev/types/-/types-0.47.5.tgz",
      "integrity": "sha512-X67V4cCgM0Sz50bP8GbVzmiL8DHC2IXvdKcsN7DlxHyf+/T4d9GveeGukwha5Fx3MuYeGZWKag7TFL2ZY4w54A==",
      "engines": {
        "node": ">=18.0.0"
      },
      "funding": {
        "url": "https://github.com/sponsors/antfu"
      }
    },
    "node_modules/codemirror-theme-vars": {
      "version": "0.1.2",
      "resolved": "https://mirrors.cloud.tencent.com/npm/codemirror-theme-vars/-/codemirror-theme-vars-0.1.2.tgz",
      "integrity": "sha512-WTau8X2q58b0SOAY9DO+iQVw8JKVEgyQIqArp2D732tcc+pobbMta3bnVMdQdmgwuvNrOFFr6HoxPRoQOgooFA==",
      "funding": {
        "url": "https://github.com/sponsors/antfu"
      }
    },
    "node_modules/plotly.js-dist": {
      "version": "2.29.1",
      "resolved": "https://mirrors.cloud.tencent.com/npm/plotly.js-dist/-/plotly.js-dist-2.29.1.tgz",
      "integrity": "sha512-jEdUhk9brzzleuJP1vTxk1ECfm896bld78elG6YRPdywyUYAAO0rd+JUNv56hZu4uqUftvKU6xfjSwjm0R3LUw=="
    },
    "node_modules/prism-theme-vars": {
      "version": "0.2.4",
      "resolved": "https://mirrors.cloud.tencent.com/npm/prism-theme-vars/-/prism-theme-vars-0.2.4.tgz",
      "integrity": "sha512-B3Pht+GCT87sZph7hMRLlCQXzCM0awW7Rhk08RavpqRW4LEQOeqN0uMG4QCWkul2tr8PB61YAOJGUrEW+1uuJA==",
      "funding": {
        "url": "https://github.com/sponsors/antfu"
      }
    }
  }
}
